
Microsoft Visual Studio Solution File, Format Version 12.00
# Visual Studio Version 16
VisualStudioVersion = 16.0.29209.62
MinimumVisualStudioVersion = 10.0.40219.1
Project("{FAE04EC0-301F-11D3-BF4B-00C04F79EFBC}") = "TestCaliburnMmcIoc", "TestCaliburnMmcIoc\TestCaliburnMmcIoc.csproj", "{C67B2B30-CC6A-4683-B146-0C708CACA0CC}"
EndProject
Global
	GlobalSection(SolutionConfigurationPlatforms) = preSolution
		Debug|Any CPU = Debug|Any CPU
		Release|Any CPU = Release|Any CPU
	EndGlobalSection
	GlobalSection(ProjectConfigurationPlatforms) = postSolution
		{C67B2B30-CC6A-4683-B146-0C708CACA0CC}.Debug|Any CPU.ActiveCfg = Debug|Any CPU
		{C67B2B30-CC6A-4683-B146-0C708CACA0CC}.Debug|Any CPU.Build.0 = Debug|Any CPU
		{C67B2B30-CC6A-4683-B146-0C708CACA0CC}.Release|Any CPU.ActiveCfg = Release|Any CPU
		{C67B2B30-CC6A-4683-B146-0C708CACA0CC}.Release|Any CPU.Build.0 = Release|Any CPU
	EndGlobalSection
	GlobalSection(SolutionProperties) = preSolution
		HideSolutionNode = FALSE
	EndGlobalSection
	GlobalSection(ExtensibilityGlobals) = postSolution
		SolutionGuid = {7D634AA2-8DC4-41AD-88B6-B7C14C74B324}
	EndGlobalSection
EndGlobal
